
Microsoft Visual Studio Solution File, Format Version 12.00
# Visual Studio Version 17
VisualStudioVersion = 17.1.32328.378
MinimumVisualStudioVersion = 10.0.40219.1
Project("{FAE04EC0-301F-11D3-BF4B-00C04F79EFBC}") = "UpDEV.MeuNuget", "UpDEV.MeuNuget.csproj", "{0F716F00-8C21-4AAD-9F3B-FFDE7200A1B1}"
EndProject
Global
	GlobalSection(SolutionConfigurationPlatforms) = preSolution
		Debug|Any CPU = Debug|Any CPU
		Release|Any CPU = Release|Any CPU
	EndGlobalSection
	GlobalSection(ProjectConfigurationPlatforms) = postSolution
		{0F716F00-8C21-4AAD-9F3B-FFDE7200A1B1}.Debug|Any CPU.ActiveCfg = Debug|Any CPU
		{0F716F00-8C21-4AAD-9F3B-FFDE7200A1B1}.Debug|Any CPU.Build.0 = Debug|Any CPU
		{0F716F00-8C21-4AAD-9F3B-FFDE7200A1B1}.Release|Any CPU.ActiveCfg = Release|Any CPU
		{0F716F00-8C21-4AAD-9F3B-FFDE7200A1B1}.Release|Any CPU.Build.0 = Release|Any CPU
	EndGlobalSection
	GlobalSection(SolutionProperties) = preSolution
		HideSolutionNode = FALSE
	EndGlobalSection
	GlobalSection(ExtensibilityGlobals) = postSolution
		SolutionGuid = {6C238838-ADEF-4A2B-81EA-6CD5B98B4369}
	EndGlobalSection
EndGlobal
